
Microsoft Visual Studio Solution File, Format Version 12.00
# Visual Studio 15
VisualStudioVersion = 15.0.27428.2037
MinimumVisualStudioVersion = 10.0.40219.1
Project("{9A19103F-16F7-4668-BE54-9A1E7A4F7556}") = "AdamboTest", "AdamboTest.csproj", "{8B94076A-566A-41BF-9A02-A3C4A30D47DA}"
EndProject
Global
	GlobalSection(SolutionConfigurationPlatforms) = preSolution
		Debug|Any CPU = Debug|Any CPU
		Release|Any CPU = Release|Any CPU
	EndGlobalSection
	GlobalSection(ProjectConfigurationPlatforms) = postSolution
		{8B94076A-566A-41BF-9A02-A3C4A30D47DA}.Debug|Any CPU.ActiveCfg = Debug|Any CPU
		{8B94076A-566A-41BF-9A02-A3C4A30D47DA}.Debug|Any CPU.Build.0 = Debug|Any CPU
		{8B94076A-566A-41BF-9A02-A3C4A30D47DA}.Release|Any CPU.ActiveCfg = Release|Any CPU
		{8B94076A-566A-41BF-9A02-A3C4A30D47DA}.Release|Any CPU.Build.0 = Release|Any CPU
	EndGlobalSection
	GlobalSection(SolutionProperties) = preSolution
		HideSolutionNode = FALSE
	EndGlobalSection
	GlobalSection(ExtensibilityGlobals) = postSolution
		SolutionGuid = {C8579BA7-B6EA-4A76-8363-9D96229671D2}
	EndGlobalSection
EndGlobal
